
Microsoft Visual Studio Solution File, Format Version 12.00
# Visual Studio Version 17
VisualStudioVersion = 17.14.37301.10
MinimumVisualStudioVersion = 10.0.40219.1
Project("{FAE04EC0-301F-11D3-BF4B-00C04F79EFBC}") = "MediaTek86_Projet", "MediaTek86_Projet\MediaTek86_Projet.csproj", "{35F95462-2756-4543-A082-F184224979CD}"
EndProject
Project("{54435603-DBB4-11D2-8724-00A0C9A8B90C}") = "MediaTek86_Setup", "MediaTek86_Setup\MediaTek86_Setup.vdproj", "{F471F453-6DEB-DC0A-8F3F-FC74B368DD3F}"
EndProject
Global
	GlobalSection(SolutionConfigurationPlatforms) = preSolution
		Debug|Any CPU = Debug|Any CPU
		Release|Any CPU = Release|Any CPU
	EndGlobalSection
	GlobalSection(ProjectConfigurationPlatforms) = postSolution
		{35F95462-2756-4543-A082-F184224979CD}.Debug|Any CPU.ActiveCfg = Debug|Any CPU
		{35F95462-2756-4543-A082-F184224979CD}.Debug|Any CPU.Build.0 = Debug|Any CPU
		{35F95462-2756-4543-A082-F184224979CD}.Release|Any CPU.ActiveCfg = Release|Any CPU
		{35F95462-2756-4543-A082-F184224979CD}.Release|Any CPU.Build.0 = Release|Any CPU
		{F471F453-6DEB-DC0A-8F3F-FC74B368DD3F}.Debug|Any CPU.ActiveCfg = Debug
		{F471F453-6DEB-DC0A-8F3F-FC74B368DD3F}.Release|Any CPU.ActiveCfg = Release
	EndGlobalSection
	GlobalSection(SolutionProperties) = preSolution
		HideSolutionNode = FALSE
	EndGlobalSection
	GlobalSection(ExtensibilityGlobals) = postSolution
		SolutionGuid = {DB4D7A46-A38F-4810-938C-2FA843F7D0FF}
	EndGlobalSection
EndGlobal
